
Microsoft Visual Studio Solution File, Format Version 12.00
# Visual Studio Version 16
VisualStudioVersion = 16.0.30413.136
MinimumVisualStudioVersion = 10.0.40219.1
Project("{9A19103F-16F7-4668-BE54-9A1E7A4F7556}") = "FileTransfer", "FileTransfer\FileTransfer.csproj", "{86ED2441-5CBF-41AA-9401-5810DDFE401E}"
EndProject
Project("{9A19103F-16F7-4668-BE54-9A1E7A4F7556}") = "FileTransferServer", "FileTransferServer\FileTransferServer.csproj", "{12CAF4D8-93F5-4BC8-B375-897CAA3F4D83}"
EndProject
Project("{FAE04EC0-301F-11D3-BF4B-00C04F79EFBC}") = "FileTransferLib", "FileTransferLib\FileTransferLib.csproj", "{8F6ACAE7-DCE0-46DB-8412-093E0416CB41}"
EndProject
Project("{FAE04EC0-301F-11D3-BF4B-00C04F79EFBC}") = "FileTransferClientWPF", "FileTransferClientWPF\FileTransferClientWPF.csproj", "{8547EB4D-B939-4C8B-8F4C-F16069F73574}"
EndProject
Global
	GlobalSection(SolutionConfigurationPlatforms) = preSolution
		Debug|Any CPU = Debug|Any CPU
		Release|Any CPU = Release|Any CPU
	EndGlobalSection
	GlobalSection(ProjectConfigurationPlatforms) = postSolution
		{86ED2441-5CBF-41AA-9401-5810DDFE401E}.Debug|Any CPU.ActiveCfg = Debug|Any CPU
		{86ED2441-5CBF-41AA-9401-5810DDFE401E}.Debug|Any CPU.Build.0 = Debug|Any CPU
		{86ED2441-5CBF-41AA-9401-5810DDFE401E}.Release|Any CPU.ActiveCfg = Release|Any CPU
		{86ED2441-5CBF-41AA-9401-5810DDFE401E}.Release|Any CPU.Build.0 = Release|Any CPU
		{12CAF4D8-93F5-4BC8-B375-897CAA3F4D83}.Debug|Any CPU.ActiveCfg = Debug|Any CPU
		{12CAF4D8-93F5-4BC8-B375-897CAA3F4D83}.Debug|Any CPU.Build.0 = Debug|Any CPU
		{12CAF4D8-93F5-4BC8-B375-897CAA3F4D83}.Release|Any CPU.ActiveCfg = Release|Any CPU
		{12CAF4D8-93F5-4BC8-B375-897CAA3F4D83}.Release|Any CPU.Build.0 = Release|Any CPU
		{8F6ACAE7-DCE0-46DB-8412-093E0416CB41}.Debug|Any CPU.ActiveCfg = Debug|Any CPU
		{8F6ACAE7-DCE0-46DB-8412-093E0416CB41}.Debug|Any CPU.Build.0 = Debug|Any CPU
		{8F6ACAE7-DCE0-46DB-8412-093E0416CB41}.Release|Any CPU.ActiveCfg = Release|Any CPU
		{8F6ACAE7-DCE0-46DB-8412-093E0416CB41}.Release|Any CPU.Build.0 = Release|Any CPU
		{8547EB4D-B939-4C8B-8F4C-F16069F73574}.Debug|Any CPU.ActiveCfg = Debug|Any CPU
		{8547EB4D-B939-4C8B-8F4C-F16069F73574}.Debug|Any CPU.Build.0 = Debug|Any CPU
		{8547EB4D-B939-4C8B-8F4C-F16069F73574}.Release|Any CPU.ActiveCfg = Release|Any CPU
		{8547EB4D-B939-4C8B-8F4C-F16069F73574}.Release|Any CPU.Build.0 = Release|Any CPU
	EndGlobalSection
	GlobalSection(SolutionProperties) = preSolution
		HideSolutionNode = FALSE
	EndGlobalSection
	GlobalSection(ExtensibilityGlobals) = postSolution
		SolutionGuid = {8C418A61-D10B-40C9-9FC0-935E0C774123}
	EndGlobalSection
EndGlobal
